
Microsoft Visual Studio Solution File, Format Version 12.00
# Visual Studio Version 17
VisualStudioVersion = 17.3.32929.385
MinimumVisualStudioVersion = 10.0.40219.1
Project("{FAE04EC0-301F-11D3-BF4B-00C04F79EFBC}") = "Jamaikata", "Jamaikata.csproj", "{D72FBB38-F1AF-4581-B701-8F8075FB5656}"
EndProject
Global
	GlobalSection(SolutionConfigurationPlatforms) = preSolution
		Debug|Any CPU = Debug|Any CPU
		Release|Any CPU = Release|Any CPU
	EndGlobalSection
	GlobalSection(ProjectConfigurationPlatforms) = postSolution
		{D72FBB38-F1AF-4581-B701-8F8075FB5656}.Debug|Any CPU.ActiveCfg = Debug|Any CPU
		{D72FBB38-F1AF-4581-B701-8F8075FB5656}.Debug|Any CPU.Build.0 = Debug|Any CPU
		{D72FBB38-F1AF-4581-B701-8F8075FB5656}.Release|Any CPU.ActiveCfg = Release|Any CPU
		{D72FBB38-F1AF-4581-B701-8F8075FB5656}.Release|Any CPU.Build.0 = Release|Any CPU
	EndGlobalSection
	GlobalSection(SolutionProperties) = preSolution
		HideSolutionNode = FALSE
	EndGlobalSection
	GlobalSection(ExtensibilityGlobals) = postSolution
		SolutionGuid = {3277EB78-18D8-42FE-8D73-A2BBE9047604}
	EndGlobalSection
EndGlobal
